
Microsoft Visual Studio Solution File, Format Version 12.00
# Visual Studio Version 16
VisualStudioVersion = 16.0.29519.181
MinimumVisualStudioVersion = 10.0.40219.1
Project("{FAE04EC0-301F-11D3-BF4B-00C04F79EFBC}") = "Session", "Session\Session.csproj", "{A056AF71-FEB7-41BA-8B48-142837C4250B}"
EndProject
Global
	GlobalSection(SolutionConfigurationPlatforms) = preSolution
		Debug|Any CPU = Debug|Any CPU
		Release|Any CPU = Release|Any CPU
	EndGlobalSection
	GlobalSection(ProjectConfigurationPlatforms) = postSolution
		{A056AF71-FEB7-41BA-8B48-142837C4250B}.Debug|Any CPU.ActiveCfg = Debug|Any CPU
		{A056AF71-FEB7-41BA-8B48-142837C4250B}.Debug|Any CPU.Build.0 = Debug|Any CPU
		{A056AF71-FEB7-41BA-8B48-142837C4250B}.Release|Any CPU.ActiveCfg = Release|Any CPU
		{A056AF71-FEB7-41BA-8B48-142837C4250B}.Release|Any CPU.Build.0 = Release|Any CPU
	EndGlobalSection
	GlobalSection(SolutionProperties) = preSolution
		HideSolutionNode = FALSE
	EndGlobalSection
	GlobalSection(ExtensibilityGlobals) = postSolution
		SolutionGuid = {DC8BE75E-98C3-430D-B978-BBCE69C597A1}
	EndGlobalSection
EndGlobal
